
Microsoft Visual Studio Solution File, Format Version 12.00
# Visual Studio Version 17
VisualStudioVersion = 17.4.33110.190
MinimumVisualStudioVersion = 10.0.40219.1
Project("{FAE04EC0-301F-11D3-BF4B-00C04F79EFBC}") = "AutoUpdate", "AutoUpdate\AutoUpdate.csproj", "{7D35F009-DF7F-41CA-8603-E407CFDB1104}"
EndProject
Global
	GlobalSection(SolutionConfigurationPlatforms) = preSolution
		Debug|Any CPU = Debug|Any CPU
		Release|Any CPU = Release|Any CPU
	EndGlobalSection
	GlobalSection(ProjectConfigurationPlatforms) = postSolution
		{7D35F009-DF7F-41CA-8603-E407CFDB1104}.Debug|Any CPU.ActiveCfg = Debug|Any CPU
		{7D35F009-DF7F-41CA-8603-E407CFDB1104}.Debug|Any CPU.Build.0 = Debug|Any CPU
		{7D35F009-DF7F-41CA-8603-E407CFDB1104}.Release|Any CPU.ActiveCfg = Release|Any CPU
		{7D35F009-DF7F-41CA-8603-E407CFDB1104}.Release|Any CPU.Build.0 = Release|Any CPU
	EndGlobalSection
	GlobalSection(SolutionProperties) = preSolution
		HideSolutionNode = FALSE
	EndGlobalSection
	GlobalSection(ExtensibilityGlobals) = postSolution
		SolutionGuid = {4BEE1E3B-6D5F-49CC-9BDF-D0480E38C974}
	EndGlobalSection
EndGlobal
